
Microsoft Visual Studio Solution File, Format Version 12.00
# Visual Studio 14
VisualStudioVersion = 14.0.25420.1
MinimumVisualStudioVersion = 10.0.40219.1
Project("{FAE04EC0-301F-11D3-BF4B-00C04F79EFBC}") = "NPAInspectionWriter", "src\NPAInspectionWriter\NPAInspectionWriter.csproj", "{31323BB8-8AD8-4D9F-88FE-46ECA8E9ABFA}"
EndProject
Project("{FAE04EC0-301F-11D3-BF4B-00C04F79EFBC}") = "NPAInspectionWriter.iOS", "src\NPAInspectionWriter.iOS\NPAInspectionWriter.iOS.csproj", "{6264259B-82A1-4FAE-82BD-2B12C1FA4287}"
EndProject
Project("{2150E333-8FDC-42A3-9474-1A3956D46DE8}") = "src", "src", "{29FAF627-084D-42FE-AE7D-CC2CAC3E8646}"
EndProject
Global
	GlobalSection(SharedMSBuildProjectFiles) = preSolution
		src\NPA.Xamarin.Common.Shared.Unity\NPA.Xamarin.Common.Shared.Unity.projitems*{62e3d9e1-6dbb-40b5-ab59-691d12349c1e}*SharedItemsImports = 13
		src\NPA.Xamarin.Common.Shared\NPA.Xamarin.Common.Shared.projitems*{79297f1a-8fe9-4f3e-8105-1571665ee73c}*SharedItemsImports = 13
		src\NPA.Xamarin.Common.Shared\NPA.Xamarin.Common.Shared.projitems*{8eae00fd-6f85-4015-be97-9b8f6efb7714}*SharedItemsImports = 4
		src\NPA.Xamarin.Common.Shared.Unity\NPA.Xamarin.Common.Shared.Unity.projitems*{953a5d7a-661f-4b06-b379-d13762efe905}*SharedItemsImports = 4
	EndGlobalSection
	GlobalSection(SolutionConfigurationPlatforms) = preSolution
		Ad-Hoc|Any CPU = Ad-Hoc|Any CPU
		Ad-Hoc|ARM = Ad-Hoc|ARM
		Ad-Hoc|iPhone = Ad-Hoc|iPhone
		Ad-Hoc|iPhoneSimulator = Ad-Hoc|iPhoneSimulator
		Ad-Hoc|x64 = Ad-Hoc|x64
		Ad-Hoc|x86 = Ad-Hoc|x86
		AppStore|Any CPU = AppStore|Any CPU
		AppStore|ARM = AppStore|ARM
		AppStore|iPhone = AppStore|iPhone
		AppStore|iPhoneSimulator = AppStore|iPhoneSimulator
		AppStore|x64 = AppStore|x64
		AppStore|x86 = AppStore|x86
		Debug|Any CPU = Debug|Any CPU
		Debug|ARM = Debug|ARM
		Debug|iPhone = Debug|iPhone
		Debug|iPhoneSimulator = Debug|iPhoneSimulator
		Debug|x64 = Debug|x64
		Debug|x86 = Debug|x86
		DebugWithMocks|Any CPU = DebugWithMocks|Any CPU
		DebugWithMocks|ARM = DebugWithMocks|ARM
		DebugWithMocks|iPhone = DebugWithMocks|iPhone
		DebugWithMocks|iPhoneSimulator = DebugWithMocks|iPhoneSimulator
		DebugWithMocks|x64 = DebugWithMocks|x64
		DebugWithMocks|x86 = DebugWithMocks|x86
		Release|Any CPU = Release|Any CPU
		Release|ARM = Release|ARM
		Release|iPhone = Release|iPhone
		Release|iPhoneSimulator = Release|iPhoneSimulator
		Release|x64 = Release|x64
		Release|x86 = Release|x86
		Release-Signed|Any CPU = Release-Signed|Any CPU
		Release-Signed|ARM = Release-Signed|ARM
		Release-Signed|iPhone = Release-Signed|iPhone
		Release-Signed|iPhoneSimulator = Release-Signed|iPhoneSimulator
		Release-Signed|x64 = Release-Signed|x64
		Release-Signed|x86 = Release-Signed|x86
		Test|Any CPU = Test|Any CPU
		Test|ARM = Test|ARM
		Test|iPhone = Test|iPhone
		Test|iPhoneSimulator = Test|iPhoneSimulator
		Test|x64 = Test|x64
		Test|x86 = Test|x86
	EndGlobalSection
	GlobalSection(ProjectConfigurationPlatforms) = postSolution
		{31323BB8-8AD8-4D9F-88FE-46ECA8E9ABFA}.Ad-Hoc|Any CPU.ActiveCfg = Release|Any CPU
		{31323BB8-8AD8-4D9F-88FE-46ECA8E9ABFA}.Ad-Hoc|Any CPU.Build.0 = Release|Any CPU
		{31323BB8-8AD8-4D9F-88FE-46ECA8E9ABFA}.Ad-Hoc|ARM.ActiveCfg = Release|Any CPU
		{31323BB8-8AD8-4D9F-88FE-46ECA8E9ABFA}.Ad-Hoc|ARM.Build.0 = Release|Any CPU
		{31323BB8-8AD8-4D9F-88FE-46ECA8E9ABFA}.Ad-Hoc|iPhone.ActiveCfg = Release|Any CPU
		{31323BB8-8AD8-4D9F-88FE-46ECA8E9ABFA}.Ad-Hoc|iPhone.Build.0 = Release|Any CPU
		{31323BB8-8AD8-4D9F-88FE-46ECA8E9ABFA}.Ad-Hoc|iPhoneSimulator.ActiveCfg = Release|Any CPU
		{31323BB8-8AD8-4D9F-88FE-46ECA8E9ABFA}.Ad-Hoc|iPhoneSimulator.Build.0 = Release|Any CPU
		{31323BB8-8AD8-4D9F-88FE-46ECA8E9ABFA}.Ad-Hoc|x64.ActiveCfg = Release|Any CPU
		{31323BB8-8AD8-4D9F-88FE-46ECA8E9ABFA}.Ad-Hoc|x64.Build.0 = Release|Any CPU
		{31323BB8-8AD8-4D9F-88FE-46ECA8E9ABFA}.Ad-Hoc|x86.ActiveCfg = Release|Any CPU
		{31323BB8-8AD8-4D9F-88FE-46ECA8E9ABFA}.Ad-Hoc|x86.Build.0 = Release|Any CPU
		{31323BB8-8AD8-4D9F-88FE-46ECA8E9ABFA}.AppStore|Any CPU.ActiveCfg = Release|Any CPU
		{31323BB8-8AD8-4D9F-88FE-46ECA8E9ABFA}.AppStore|Any CPU.Build.0 = Release|Any CPU
		{31323BB8-8AD8-4D9F-88FE-46ECA8E9ABFA}.AppStore|ARM.ActiveCfg = Release|Any CPU
		{31323BB8-8AD8-4D9F-88FE-46ECA8E9ABFA}.AppStore|ARM.Build.0 = Release|Any CPU
		{31323BB8-8AD8-4D9F-88FE-46ECA8E9ABFA}.AppStore|iPhone.ActiveCfg = Release|Any CPU
		{31323BB8-8AD8-4D9F-88FE-46ECA8E9ABFA}.AppStore|iPhone.Build.0 = Release|Any CPU
		{31323BB8-8AD8-4D9F-88FE-46ECA8E9ABFA}.AppStore|iPhoneSimulator.ActiveCfg = Release|Any CPU
		{31323BB8-8AD8-4D9F-88FE-46ECA8E9ABFA}.AppStore|iPhoneSimulator.Build.0 = Release|Any CPU
		{31323BB8-8AD8-4D9F-88FE-46ECA8E9ABFA}.AppStore|x64.ActiveCfg = Release|Any CPU
		{31323BB8-8AD8-4D9F-88FE-46ECA8E9ABFA}.AppStore|x64.Build.0 = Release|Any CPU
		{31323BB8-8AD8-4D9F-88FE-46ECA8E9ABFA}.AppStore|x86.ActiveCfg = Release|Any CPU
		{31323BB8-8AD8-4D9F-88FE-46ECA8E9ABFA}.AppStore|x86.Build.0 = Release|Any CPU
		{31323BB8-8AD8-4D9F-88FE-46ECA8E9ABFA}.Debug|Any CPU.ActiveCfg = Debug|Any CPU
		{31323BB8-8AD8-4D9F-88FE-46ECA8E9ABFA}.Debug|Any CPU.Build.0 = Debug|Any CPU
		{31323BB8-8AD8-4D9F-88FE-46ECA8E9ABFA}.Debug|ARM.ActiveCfg = Debug|Any CPU
		{31323BB8-8AD8-4D9F-88FE-46ECA8E9ABFA}.Debug|ARM.Build.0 = Debug|Any CPU
		{31323BB8-8AD8-4D9F-88FE-46ECA8E9ABFA}.Debug|iPhone.ActiveCfg = Debug|Any CPU
		{31323BB8-8AD8-4D9F-88FE-46ECA8E9ABFA}.Debug|iPhone.Build.0 = Debug|Any CPU
		{31323BB8-8AD8-4D9F-88FE-46ECA8E9ABFA}.Debug|iPhoneSimulator.ActiveCfg = Debug|Any CPU
		{31323BB8-8AD8-4D9F-88FE-46ECA8E9ABFA}.Debug|iPhoneSimulator.Build.0 = Debug|Any CPU
		{31323BB8-8AD8-4D9F-88FE-46ECA8E9ABFA}.Debug|x64.ActiveCfg = Debug|Any CPU
		{31323BB8-8AD8-4D9F-88FE-46ECA8E9ABFA}.Debug|x64.Build.0 = Debug|Any CPU
		{31323BB8-8AD8-4D9F-88FE-46ECA8E9ABFA}.Debug|x86.ActiveCfg = Debug|Any CPU
		{31323BB8-8AD8-4D9F-88FE-46ECA8E9ABFA}.Debug|x86.Build.0 = Debug|Any CPU
		{31323BB8-8AD8-4D9F-88FE-46ECA8E9ABFA}.DebugWithMocks|Any CPU.ActiveCfg = DebugWithMocks|Any CPU
		{31323BB8-8AD8-4D9F-88FE-46ECA8E9ABFA}.DebugWithMocks|Any CPU.Build.0 = DebugWithMocks|Any CPU
		{31323BB8-8AD8-4D9F-88FE-46ECA8E9ABFA}.DebugWithMocks|ARM.ActiveCfg = DebugWithMocks|Any CPU
		{31323BB8-8AD8-4D9F-88FE-46ECA8E9ABFA}.DebugWithMocks|ARM.Build.0 = DebugWithMocks|Any CPU
		{31323BB8-8AD8-4D9F-88FE-46ECA8E9ABFA}.DebugWithMocks|iPhone.ActiveCfg = DebugWithMocks|Any CPU
		{31323BB8-8AD8-4D9F-88FE-46ECA8E9ABFA}.DebugWithMocks|iPhone.Build.0 = DebugWithMocks|Any CPU
		{31323BB8-8AD8-4D9F-88FE-46ECA8E9ABFA}.DebugWithMocks|iPhoneSimulator.ActiveCfg = DebugWithMocks|Any CPU
		{31323BB8-8AD8-4D9F-88FE-46ECA8E9ABFA}.DebugWithMocks|iPhoneSimulator.Build.0 = DebugWithMocks|Any CPU
		{31323BB8-8AD8-4D9F-88FE-46ECA8E9ABFA}.DebugWithMocks|x64.ActiveCfg = DebugWithMocks|Any CPU
		{31323BB8-8AD8-4D9F-88FE-46ECA8E9ABFA}.DebugWithMocks|x64.Build.0 = DebugWithMocks|Any CPU
		{31323BB8-8AD8-4D9F-88FE-46ECA8E9ABFA}.DebugWithMocks|x86.ActiveCfg = DebugWithMocks|Any CPU
		{31323BB8-8AD8-4D9F-88FE-46ECA8E9ABFA}.DebugWithMocks|x86.Build.0 = DebugWithMocks|Any CPU
		{31323BB8-8AD8-4D9F-88FE-46ECA8E9ABFA}.Release|Any CPU.ActiveCfg = Release|Any CPU
		{31323BB8-8AD8-4D9F-88FE-46ECA8E9ABFA}.Release|Any CPU.Build.0 = Release|Any CPU
		{31323BB8-8AD8-4D9F-88FE-46ECA8E9ABFA}.Release|ARM.ActiveCfg = Release|Any CPU
		{31323BB8-8AD8-4D9F-88FE-46ECA8E9ABFA}.Release|ARM.Build.0 = Release|Any CPU
		{31323BB8-8AD8-4D9F-88FE-46ECA8E9ABFA}.Release|iPhone.ActiveCfg = Release|Any CPU
		{31323BB8-8AD8-4D9F-88FE-46ECA8E9ABFA}.Release|iPhone.Build.0 = Release|Any CPU
		{31323BB8-8AD8-4D9F-88FE-46ECA8E9ABFA}.Release|iPhoneSimulator.ActiveCfg = Release|Any CPU
		{31323BB8-8AD8-4D9F-88FE-46ECA8E9ABFA}.Release|iPhoneSimulator.Build.0 = Release|Any CPU
		{31323BB8-8AD8-4D9F-88FE-46ECA8E9ABFA}.Release|x64.ActiveCfg = Release|Any CPU
		{31323BB8-8AD8-4D9F-88FE-46ECA8E9ABFA}.Release|x64.Build.0 = Release|Any CPU
		{31323BB8-8AD8-4D9F-88FE-46ECA8E9ABFA}.Release|x86.ActiveCfg = Release|Any CPU
		{31323BB8-8AD8-4D9F-88FE-46ECA8E9ABFA}.Release|x86.Build.0 = Release|Any CPU
		{31323BB8-8AD8-4D9F-88FE-46ECA8E9ABFA}.Release-Signed|Any CPU.ActiveCfg = Release|Any CPU
		{31323BB8-8AD8-4D9F-88FE-46ECA8E9ABFA}.Release-Signed|Any CPU.Build.0 = Release|Any CPU
		{31323BB8-8AD8-4D9F-88FE-46ECA8E9ABFA}.Release-Signed|ARM.ActiveCfg = Release|Any CPU
		{31323BB8-8AD8-4D9F-88FE-46ECA8E9ABFA}.Release-Signed|ARM.Build.0 = Release|Any CPU
		{31323BB8-8AD8-4D9F-88FE-46ECA8E9ABFA}.Release-Signed|iPhone.ActiveCfg = Release|Any CPU
		{31323BB8-8AD8-4D9F-88FE-46ECA8E9ABFA}.Release-Signed|iPhone.Build.0 = Release|Any CPU
		{31323BB8-8AD8-4D9F-88FE-46ECA8E9ABFA}.Release-Signed|iPhoneSimulator.ActiveCfg = Release|Any CPU
		{31323BB8-8AD8-4D9F-88FE-46ECA8E9ABFA}.Release-Signed|iPhoneSimulator.Build.0 = Release|Any CPU
		{31323BB8-8AD8-4D9F-88FE-46ECA8E9ABFA}.Release-Signed|x64.ActiveCfg = Release|Any CPU
		{31323BB8-8AD8-4D9F-88FE-46ECA8E9ABFA}.Release-Signed|x64.Build.0 = Release|Any CPU
		{31323BB8-8AD8-4D9F-88FE-46ECA8E9ABFA}.Release-Signed|x86.ActiveCfg = Release|Any CPU
		{31323BB8-8AD8-4D9F-88FE-46ECA8E9ABFA}.Release-Signed|x86.Build.0 = Release|Any CPU
		{31323BB8-8AD8-4D9F-88FE-46ECA8E9ABFA}.Test|Any CPU.ActiveCfg = DebugWithMocks|Any CPU
		{31323BB8-8AD8-4D9F-88FE-46ECA8E9ABFA}.Test|Any CPU.Build.0 = DebugWithMocks|Any CPU
		{31323BB8-8AD8-4D9F-88FE-46ECA8E9ABFA}.Test|ARM.ActiveCfg = DebugWithMocks|Any CPU
		{31323BB8-8AD8-4D9F-88FE-46ECA8E9ABFA}.Test|ARM.Build.0 = DebugWithMocks|Any CPU
		{31323BB8-8AD8-4D9F-88FE-46ECA8E9ABFA}.Test|iPhone.ActiveCfg = DebugWithMocks|Any CPU
		{31323BB8-8AD8-4D9F-88FE-46ECA8E9ABFA}.Test|iPhone.Build.0 = DebugWithMocks|Any CPU
		{31323BB8-8AD8-4D9F-88FE-46ECA8E9ABFA}.Test|iPhoneSimulator.ActiveCfg = DebugWithMocks|Any CPU
		{31323BB8-8AD8-4D9F-88FE-46ECA8E9ABFA}.Test|iPhoneSimulator.Build.0 = DebugWithMocks|Any CPU
		{31323BB8-8AD8-4D9F-88FE-46ECA8E9ABFA}.Test|x64.ActiveCfg = DebugWithMocks|Any CPU
		{31323BB8-8AD8-4D9F-88FE-46ECA8E9ABFA}.Test|x64.Build.0 = DebugWithMocks|Any CPU
		{31323BB8-8AD8-4D9F-88FE-46ECA8E9ABFA}.Test|x86.ActiveCfg = DebugWithMocks|Any CPU
		{31323BB8-8AD8-4D9F-88FE-46ECA8E9ABFA}.Test|x86.Build.0 = DebugWithMocks|Any CPU
		{6264259B-82A1-4FAE-82BD-2B12C1FA4287}.Ad-Hoc|Any CPU.ActiveCfg = Ad-Hoc|iPhone
		{6264259B-82A1-4FAE-82BD-2B12C1FA4287}.Ad-Hoc|ARM.ActiveCfg = Ad-Hoc|iPhone
		{6264259B-82A1-4FAE-82BD-2B12C1FA4287}.Ad-Hoc|iPhone.ActiveCfg = Ad-Hoc|iPhone
		{6264259B-82A1-4FAE-82BD-2B12C1FA4287}.Ad-Hoc|iPhone.Build.0 = Ad-Hoc|iPhone
		{6264259B-82A1-4FAE-82BD-2B12C1FA4287}.Ad-Hoc|iPhoneSimulator.ActiveCfg = Ad-Hoc|iPhoneSimulator
		{6264259B-82A1-4FAE-82BD-2B12C1FA4287}.Ad-Hoc|iPhoneSimulator.Build.0 = Ad-Hoc|iPhoneSimulator
		{6264259B-82A1-4FAE-82BD-2B12C1FA4287}.Ad-Hoc|x64.ActiveCfg = Ad-Hoc|iPhone
		{6264259B-82A1-4FAE-82BD-2B12C1FA4287}.Ad-Hoc|x86.ActiveCfg = Ad-Hoc|iPhone
		{6264259B-82A1-4FAE-82BD-2B12C1FA4287}.AppStore|Any CPU.ActiveCfg = AppStore|iPhone
		{6264259B-82A1-4FAE-82BD-2B12C1FA4287}.AppStore|ARM.ActiveCfg = AppStore|iPhone
		{6264259B-82A1-4FAE-82BD-2B12C1FA4287}.AppStore|iPhone.ActiveCfg = AppStore|iPhone
		{6264259B-82A1-4FAE-82BD-2B12C1FA4287}.AppStore|iPhone.Build.0 = AppStore|iPhone
		{6264259B-82A1-4FAE-82BD-2B12C1FA4287}.AppStore|iPhoneSimulator.ActiveCfg = AppStore|iPhoneSimulator
		{6264259B-82A1-4FAE-82BD-2B12C1FA4287}.AppStore|iPhoneSimulator.Build.0 = AppStore|iPhoneSimulator
		{6264259B-82A1-4FAE-82BD-2B12C1FA4287}.AppStore|x64.ActiveCfg = AppStore|iPhone
		{6264259B-82A1-4FAE-82BD-2B12C1FA4287}.AppStore|x86.ActiveCfg = AppStore|iPhone
		{6264259B-82A1-4FAE-82BD-2B12C1FA4287}.Debug|Any CPU.ActiveCfg = Debug|iPhone
		{6264259B-82A1-4FAE-82BD-2B12C1FA4287}.Debug|ARM.ActiveCfg = Debug|iPhone
		{6264259B-82A1-4FAE-82BD-2B12C1FA4287}.Debug|iPhone.ActiveCfg = Debug|iPhone
		{6264259B-82A1-4FAE-82BD-2B12C1FA4287}.Debug|iPhone.Build.0 = Debug|iPhone
		{6264259B-82A1-4FAE-82BD-2B12C1FA4287}.Debug|iPhoneSimulator.ActiveCfg = Debug|iPhoneSimulator
		{6264259B-82A1-4FAE-82BD-2B12C1FA4287}.Debug|iPhoneSimulator.Build.0 = Debug|iPhoneSimulator
		{6264259B-82A1-4FAE-82BD-2B12C1FA4287}.Debug|x64.ActiveCfg = Debug|iPhone
		{6264259B-82A1-4FAE-82BD-2B12C1FA4287}.Debug|x86.ActiveCfg = Debug|iPhone
		{6264259B-82A1-4FAE-82BD-2B12C1FA4287}.DebugWithMocks|Any CPU.ActiveCfg = DebugWithMocks|iPhone
		{6264259B-82A1-4FAE-82BD-2B12C1FA4287}.DebugWithMocks|ARM.ActiveCfg = DebugWithMocks|iPhone
		{6264259B-82A1-4FAE-82BD-2B12C1FA4287}.DebugWithMocks|iPhone.ActiveCfg = DebugWithMocks|iPhone
		{6264259B-82A1-4FAE-82BD-2B12C1FA4287}.DebugWithMocks|iPhone.Build.0 = DebugWithMocks|iPhone
		{6264259B-82A1-4FAE-82BD-2B12C1FA4287}.DebugWithMocks|iPhoneSimulator.ActiveCfg = DebugWithMocks|iPhoneSimulator
		{6264259B-82A1-4FAE-82BD-2B12C1FA4287}.DebugWithMocks|iPhoneSimulator.Build.0 = DebugWithMocks|iPhoneSimulator
		{6264259B-82A1-4FAE-82BD-2B12C1FA4287}.DebugWithMocks|x64.ActiveCfg = DebugWithMocks|iPhone
		{6264259B-82A1-4FAE-82BD-2B12C1FA4287}.DebugWithMocks|x86.ActiveCfg = DebugWithMocks|iPhone
		{6264259B-82A1-4FAE-82BD-2B12C1FA4287}.Release|Any CPU.ActiveCfg = Release|iPhone
		{6264259B-82A1-4FAE-82BD-2B12C1FA4287}.Release|ARM.ActiveCfg = Release|iPhone
		{6264259B-82A1-4FAE-82BD-2B12C1FA4287}.Release|iPhone.ActiveCfg = Release|iPhone
		{6264259B-82A1-4FAE-82BD-2B12C1FA4287}.Release|iPhone.Build.0 = Release|iPhone
		{6264259B-82A1-4FAE-82BD-2B12C1FA4287}.Release|iPhoneSimulator.ActiveCfg = Release|iPhoneSimulator
		{6264259B-82A1-4FAE-82BD-2B12C1FA4287}.Release|iPhoneSimulator.Build.0 = Release|iPhoneSimulator
		{6264259B-82A1-4FAE-82BD-2B12C1FA4287}.Release|x64.ActiveCfg = Release|iPhone
		{6264259B-82A1-4FAE-82BD-2B12C1FA4287}.Release|x86.ActiveCfg = Release|iPhone
		{6264259B-82A1-4FAE-82BD-2B12C1FA4287}.Release-Signed|Any CPU.ActiveCfg = Release|iPhoneSimulator
		{6264259B-82A1-4FAE-82BD-2B12C1FA4287}.Release-Signed|Any CPU.Build.0 = Release|iPhoneSimulator
		{6264259B-82A1-4FAE-82BD-2B12C1FA4287}.Release-Signed|ARM.ActiveCfg = Release|iPhoneSimulator
		{6264259B-82A1-4FAE-82BD-2B12C1FA4287}.Release-Signed|ARM.Build.0 = Release|iPhoneSimulator
		{6264259B-82A1-4FAE-82BD-2B12C1FA4287}.Release-Signed|iPhone.ActiveCfg = Release|iPhone
		{6264259B-82A1-4FAE-82BD-2B12C1FA4287}.Release-Signed|iPhone.Build.0 = Release|iPhone
		{6264259B-82A1-4FAE-82BD-2B12C1FA4287}.Release-Signed|iPhoneSimulator.ActiveCfg = Release|iPhoneSimulator
		{6264259B-82A1-4FAE-82BD-2B12C1FA4287}.Release-Signed|iPhoneSimulator.Build.0 = Release|iPhoneSimulator
		{6264259B-82A1-4FAE-82BD-2B12C1FA4287}.Release-Signed|x64.ActiveCfg = Release|iPhoneSimulator
		{6264259B-82A1-4FAE-82BD-2B12C1FA4287}.Release-Signed|x64.Build.0 = Release|iPhoneSimulator
		{6264259B-82A1-4FAE-82BD-2B12C1FA4287}.Release-Signed|x86.ActiveCfg = Release|iPhoneSimulator
		{6264259B-82A1-4FAE-82BD-2B12C1FA4287}.Release-Signed|x86.Build.0 = Release|iPhoneSimulator
		{6264259B-82A1-4FAE-82BD-2B12C1FA4287}.Test|Any CPU.ActiveCfg = Release|iPhoneSimulator
		{6264259B-82A1-4FAE-82BD-2B12C1FA4287}.Test|Any CPU.Build.0 = Release|iPhoneSimulator
		{6264259B-82A1-4FAE-82BD-2B12C1FA4287}.Test|ARM.ActiveCfg = Release|iPhoneSimulator
		{6264259B-82A1-4FAE-82BD-2B12C1FA4287}.Test|ARM.Build.0 = Release|iPhoneSimulator
		{6264259B-82A1-4FAE-82BD-2B12C1FA4287}.Test|iPhone.ActiveCfg = Release|iPhone
		{6264259B-82A1-4FAE-82BD-2B12C1FA4287}.Test|iPhone.Build.0 = Release|iPhone
		{6264259B-82A1-4FAE-82BD-2B12C1FA4287}.Test|iPhoneSimulator.ActiveCfg = Release|iPhoneSimulator
		{6264259B-82A1-4FAE-82BD-2B12C1FA4287}.Test|iPhoneSimulator.Build.0 = Release|iPhoneSimulator
		{6264259B-82A1-4FAE-82BD-2B12C1FA4287}.Test|x64.ActiveCfg = Release|iPhoneSimulator
		{6264259B-82A1-4FAE-82BD-2B12C1FA4287}.Test|x64.Build.0 = Release|iPhoneSimulator
		{6264259B-82A1-4FAE-82BD-2B12C1FA4287}.Test|x86.ActiveCfg = Release|iPhoneSimulator
		{6264259B-82A1-4FAE-82BD-2B12C1FA4287}.Test|x86.Build.0 = Release|iPhoneSimulator
	EndGlobalSection
	GlobalSection(SolutionProperties) = preSolution
		HideSolutionNode = FALSE
	EndGlobalSection
	GlobalSection(NestedProjects) = preSolution
		{31323BB8-8AD8-4D9F-88FE-46ECA8E9ABFA} = {29FAF627-084D-42FE-AE7D-CC2CAC3E8646}
		{6264259B-82A1-4FAE-82BD-2B12C1FA4287} = {29FAF627-084D-42FE-AE7D-CC2CAC3E8646}
	EndGlobalSection
EndGlobal
